
Microsoft Visual Studio Solution File, Format Version 12.00
# Visual Studio 2012
Project("{F184B08F-C81C-45F6-A57F-5ABD9991F28F}") = "FETCH Data Tagging", "FETCH Data Tagging\FETCH Data Tagging.vbproj", "{CD46D2E1-A830-4416-9344-EB8AF1690746}"
EndProject
Global
	GlobalSection(SolutionConfigurationPlatforms) = preSolution
		Debug|Any CPU = Debug|Any CPU
		Release|Any CPU = Release|Any CPU
	EndGlobalSection
	GlobalSection(ProjectConfigurationPlatforms) = postSolution
		{CD46D2E1-A830-4416-9344-EB8AF1690746}.Debug|Any CPU.ActiveCfg = Debug|Any CPU
		{CD46D2E1-A830-4416-9344-EB8AF1690746}.Debug|Any CPU.Build.0 = Debug|Any CPU
		{CD46D2E1-A830-4416-9344-EB8AF1690746}.Release|Any CPU.ActiveCfg = Release|Any CPU
		{CD46D2E1-A830-4416-9344-EB8AF1690746}.Release|Any CPU.Build.0 = Release|Any CPU
	EndGlobalSection
	GlobalSection(SolutionProperties) = preSolution
		HideSolutionNode = FALSE
	EndGlobalSection
EndGlobal
